PODS:
  - ASCollectionView-SwiftUI (1.7.1):
    - DifferenceKit (~> 1.1)
  - DifferenceKit (1.2.0):
    - DifferenceKit/Core (= 1.2.0)
    - DifferenceKit/UIKitExtension (= 1.2.0)
  - DifferenceKit/Core (1.2.0)
  - DifferenceKit/UIKitExtension (1.2.0):
    - DifferenceKit/Core

DEPENDENCIES:
  - ASCollectionView-SwiftUI (~> 1.6)

SPEC REPOS:
  trunk:
    - ASCollectionView-SwiftUI
    - DifferenceKit

SPEC CHECKSUMS:
  ASCollectionView-SwiftUI: 9c24b5293f22e565619edeac39f99de398ce9874
  DifferenceKit: 5659c430bb7fe45876fa32ce5cba5d6167f0c805

PODFILE CHECKSUM: ad2b4b864c0e876d2c0d37817b858d723579c1a1

COCOAPODS: 1.11.2
